// !$*UTF8*$!
{
	archiveVersion = 1;
	classes = {
	};
	objectVersion = 50;
	objects = {

/* Begin PBXBuildFile section */
		1FAFC37E26F8FC3500C0FC4F /* AppDelegate.swift in Sources */ = {isa = PBXBuildFile; fileRef = 1FAFC37D26F8FC3500C0FC4F /* AppDelegate.swift */; };
		1FAFC38026F8FC3500C0FC4F /* SceneDelegate.swift in Sources */ = {isa = PBXBuildFile; fileRef = 1FAFC37F26F8FC3500C0FC4F /* SceneDelegate.swift */; };
		1FAFC38226F8FC3500C0FC4F /* ContentView.swift in Sources */ = {isa = PBXBuildFile; fileRef = 1FAFC38126F8FC3500C0FC4F /* ContentView.swift */; };
		1FAFC38426F8FC3600C0FC4F /* Assets.xcassets in Resources */ = {isa = PBXBuildFile; fileRef = 1FAFC38326F8FC3600C0FC4F /* Assets.xcassets */; };
		1FAFC38726F8FC3600C0FC4F /* Preview Assets.xcassets in Resources */ = {isa = PBXBuildFile; fileRef = 1FAFC38626F8FC3600C0FC4F /* Preview Assets.xcassets */; };
		1FAFC38A26F8FC3600C0FC4F /* LaunchScreen.storyboard in Resources */ = {isa = PBXBuildFile; fileRef = 1FAFC38826F8FC3600C0FC4F /* LaunchScreen.storyboard */; };
		1FAFC39526F8FC3700C0FC4F /* EcommersAppTests.swift in Sources */ = {isa = PBXBuildFile; fileRef = 1FAFC39426F8FC3700C0FC4F /* EcommersAppTests.swift */; };
		1FAFC3A026F8FC3700C0FC4F /* EcommersAppUITests.swift in Sources */ = {isa = PBXBuildFile; fileRef = 1FAFC39F26F8FC3700C0FC4F /* EcommersAppUITests.swift */; };
/* End PBXBuildFile section */

/* Begin PBXContainerItemProxy section */
		1FAFC39126F8FC3700C0FC4F /* PBXContainerItemProxy */ = {
			isa = PBXContainerItemProxy;
			containerPortal = 1FAFC37226F8FC3500C0FC4F /* Project object */;
			proxyType = 1;
			remoteGlobalIDString = 1FAFC37926F8FC3500C0FC4F;
			remoteInfo = EcommersApp;
		};
		1FAFC39C26F8FC3700C0FC4F /* PBXContainerItemProxy */ = {
			isa = PBXContainerItemProxy;
			containerPortal = 1FAFC37226F8FC3500C0FC4F /* Project object */;
			proxyType = 1;
			remoteGlobalIDString = 1FAFC37926F8FC3500C0FC4F;
			remoteInfo = EcommersApp;
		};
/* End PBXContainerItemProxy section */

/* Begin PBXFileReference section */
		1FAFC37A26F8FC3500C0FC4F /* EcommersApp.app */ = {isa = PBXFileReference; explicitFileType = wrapper.application; includeInIndex = 0; path = EcommersApp.app; sourceTree = BUILT_PRODUCTS_DIR; };
		1FAFC37D26F8FC3500C0FC4F /* AppDelegate.swift */ = {isa = PBXFileReference; lastKnownFileType = sourcecode.swift; path = AppDelegate.swift; sourceTree = "<group>"; };
		1FAFC37F26F8FC3500C0FC4F /* SceneDelegate.swift */ = {isa = PBXFileReference; lastKnownFileType = sourcecode.swift; path = SceneDelegate.swift; sourceTree = "<group>"; };
		1FAFC38126F8FC3500C0FC4F /* ContentView.swift */ = {isa = PBXFileReference; lastKnownFileType = sourcecode.swift; path = ContentView.swift; sourceTree = "<group>"; };
		1FAFC38326F8FC3600C0FC4F /* Assets.xcassets */ = {isa = PBXFileReference; lastKnownFileType = folder.assetcatalog; path = Assets.xcassets; sourceTree = "<group>"; };
		1FAFC38626F8FC3600C0FC4F /* Preview Assets.xcassets */ = {isa = PBXFileReference; lastKnownFileType = folder.assetcatalog; path = "Preview Assets.xcassets"; sourceTree = "<group>"; };
		1FAFC38926F8FC3600C0FC4F /* Base */ = {isa = PBXFileReference; lastKnownFileType = file.storyboard; name = Base; path = Base.lproj/LaunchScreen.storyboard; sourceTree = "<group>"; };
		1FAFC38B26F8FC3600C0FC4F /* Info.plist */ = {isa = PBXFileReference; lastKnownFileType = text.plist.xml; path = Info.plist; sourceTree = "<group>"; };
		1FAFC39026F8FC3700C0FC4F /* EcommersAppTests.xctest */ = {isa = PBXFileReference; explicitFileType = wrapper.cfbundle; includeInIndex = 0; path = EcommersAppTests.xctest; sourceTree = BUILT_PRODUCTS_DIR; };
		1FAFC39426F8FC3700C0FC4F /* EcommersAppTests.swift */ = {isa = PBXFileReference; lastKnownFileType = sourcecode.swift; path = EcommersAppTests.swift; sourceTree = "<group>"; };
		1FAFC39626F8FC3700C0FC4F /* Info.plist */ = {isa = PBXFileReference; lastKnownFileType = text.plist.xml; path = Info.plist; sourceTree = "<group>"; };
		1FAFC39B26F8FC3700C0FC4F /* EcommersAppUITests.xctest */ = {isa = PBXFileReference; explicitFileType = wrapper.cfbundle; includeInIndex = 0; path = EcommersAppUITests.xctest; sourceTree = BUILT_PRODUCTS_DIR; };
		1FAFC39F26F8FC3700C0FC4F /* EcommersAppUITests.swift */ = {isa = PBXFileReference; lastKnownFileType = sourcecode.swift; path = EcommersAppUITests.swift; sourceTree = "<group>"; };
		1FAFC3A126F8FC3700C0FC4F /* Info.plist */ = {isa = PBXFileReference; lastKnownFileType = text.plist.xml; path = Info.plist; sourceTree = "<group>"; };
/* End PBXFileReference section */

/* Begin PBXFrameworksBuildPhase section */
		1FAFC37726F8FC3500C0FC4F /* Frameworks */ = {
			isa = PBXFrameworksBuildPhase;
			buildActionMask = 2147483647;
			files = (
			);
			runOnlyForDeploymentPostprocessing = 0;
		};
		1FAFC38D26F8FC3700C0FC4F /* Frameworks */ = {
			isa = PBXFrameworksBuildPhase;
			buildActionMask = 2147483647;
			files = (
			);
			runOnlyForDeploymentPostprocessing = 0;
		};
		1FAFC39826F8FC3700C0FC4F /* Frameworks */ = {
			isa = PBXFrameworksBuildPhase;
			buildActionMask = 2147483647;
			files = (
			);
			runOnlyForDeploymentPostprocessing = 0;
		};
/* End PBXFrameworksBuildPhase section */

/* Begin PBXGroup section */
		1FAFC37126F8FC3500C0FC4F = {
			isa = PBXGroup;
			children = (
				1FAFC37C26F8FC3500C0FC4F /* EcommersApp */,
				1FAFC39326F8FC3700C0FC4F /* EcommersAppTests */,
				1FAFC39E26F8FC3700C0FC4F /* EcommersAppUITests */,
				1FAFC37B26F8FC3500C0FC4F /* Products */,
			);
			sourceTree = "<group>";
		};
		1FAFC37B26F8FC3500C0FC4F /* Products */ = {
			isa = PBXGroup;
			children = (
				1FAFC37A26F8FC3500C0FC4F /* EcommersApp.app */,
				1FAFC39026F8FC3700C0FC4F /* EcommersAppTests.xctest */,
				1FAFC39B26F8FC3700C0FC4F /* EcommersAppUITests.xctest */,
			);
			name = Products;
			sourceTree = "<group>";
		};
		1FAFC37C26F8FC3500C0FC4F /* EcommersApp */ = {
			isa = PBXGroup;
			children = (
				1FAFC37D26F8FC3500C0FC4F /* AppDelegate.swift */,
				1FAFC37F26F8FC3500C0FC4F /* SceneDelegate.swift */,
				1FAFC38126F8FC3500C0FC4F /* ContentView.swift */,
				1FAFC38326F8FC3600C0FC4F /* Assets.xcassets */,
				1FAFC38826F8FC3600C0FC4F /* LaunchScreen.storyboard */,
				1FAFC38B26F8FC3600C0FC4F /* Info.plist */,
				1FAFC38526F8FC3600C0FC4F /* Preview Content */,
			);
			path = EcommersApp;
			sourceTree = "<group>";
		};
		1FAFC38526F8FC3600C0FC4F /* Preview Content */ = {
			isa = PBXGroup;
			children = (
				1FAFC38626F8FC3600C0FC4F /* Preview Assets.xcassets */,
			);
			path = "Preview Content";
			sourceTree = "<group>";
		};
		1FAFC39326F8FC3700C0FC4F /* EcommersAppTests */ = {
			isa = PBXGroup;
			children = (
				1FAFC39426F8FC3700C0FC4F /* EcommersAppTests.swift */,
				1FAFC39626F8FC3700C0FC4F /* Info.plist */,
			);
			path = EcommersAppTests;
			sourceTree = "<group>";
		};
		1FAFC39E26F8FC3700C0FC4F /* EcommersAppUITests */ = {
			isa = PBXGroup;
			children = (
				1FAFC39F26F8FC3700C0FC4F /* EcommersAppUITests.swift */,
				1FAFC3A126F8FC3700C0FC4F /* Info.plist */,
			);
			path = EcommersAppUITests;
			sourceTree = "<group>";
		};
/* End PBXGroup section */

/* Begin PBXNativeTarget section */
		1FAFC37926F8FC3500C0FC4F /* EcommersApp */ = {
			isa = PBXNativeTarget;
			buildConfigurationList = 1FAFC3A426F8FC3700C0FC4F /* Build configuration list for PBXNativeTarget "EcommersApp" */;
			buildPhases = (
				1FAFC37626F8FC3500C0FC4F /* Sources */,
				1FAFC37726F8FC3500C0FC4F /* Frameworks */,
				1FAFC37826F8FC3500C0FC4F /* Resources */,
			);
			buildRules = (
			);
			dependencies = (
			);
			name = EcommersApp;
			productName = EcommersApp;
			productReference = 1FAFC37A26F8FC3500C0FC4F /* EcommersApp.app */;
			productType = "com.apple.product-type.application";
		};
		1FAFC38F26F8FC3700C0FC4F /* EcommersAppTests */ = {
			isa = PBXNativeTarget;
			buildConfigurationList = 1FAFC3A726F8FC3700C0FC4F /* Build configuration list for PBXNativeTarget "EcommersAppTests" */;
			buildPhases = (
				1FAFC38C26F8FC3700C0FC4F /* Sources */,
				1FAFC38D26F8FC3700C0FC4F /* Frameworks */,
				1FAFC38E26F8FC3700C0FC4F /* Resources */,
			);
			buildRules = (
			);
			dependencies = (
				1FAFC39226F8FC3700C0FC4F /* PBXTargetDependency */,
			);
			name = EcommersAppTests;
			productName = EcommersAppTests;
			productReference = 1FAFC39026F8FC3700C0FC4F /* EcommersAppTests.xctest */;
			productType = "com.apple.product-type.bundle.unit-test";
		};
		1FAFC39A26F8FC3700C0FC4F /* EcommersAppUITests */ = {
			isa = PBXNativeTarget;
			buildConfigurationList = 1FAFC3AA26F8FC3700C0FC4F /* Build configuration list for PBXNativeTarget "EcommersAppUITests" */;
			buildPhases = (
				1FAFC39726F8FC3700C0FC4F /* Sources */,
				1FAFC39826F8FC3700C0FC4F /* Frameworks */,
				1FAFC39926F8FC3700C0FC4F /* Resources */,
			);
			buildRules = (
			);
			dependencies = (
				1FAFC39D26F8FC3700C0FC4F /* PBXTargetDependency */,
			);
			name = EcommersAppUITests;
			productName = EcommersAppUITests;
			productReference = 1FAFC39B26F8FC3700C0FC4F /* EcommersAppUITests.xctest */;
			productType = "com.apple.product-type.bundle.ui-testing";
		};
/* End PBXNativeTarget section */

/* Begin PBXProject section */
		1FAFC37226F8FC3500C0FC4F /* Project object */ = {
			isa = PBXProject;
			attributes = {
				LastSwiftUpdateCheck = 1250;
				LastUpgradeCheck = 1250;
				TargetAttributes = {
					1FAFC37926F8FC3500C0FC4F = {
						CreatedOnToolsVersion = 12.5;
					};
					1FAFC38F26F8FC3700C0FC4F = {
						CreatedOnToolsVersion = 12.5;
						TestTargetID = 1FAFC37926F8FC3500C0FC4F;
					};
					1FAFC39A26F8FC3700C0FC4F = {
						CreatedOnToolsVersion = 12.5;
						TestTargetID = 1FAFC37926F8FC3500C0FC4F;
					};
				};
			};
			buildConfigurationList = 1FAFC37526F8FC3500C0FC4F /* Build configuration list for PBXProject "EcommersApp" */;
			compatibilityVersion = "Xcode 9.3";
			developmentRegion = en;
			hasScannedForEncodings = 0;
			knownRegions = (
				en,
				Base,
			);
			mainGroup = 1FAFC37126F8FC3500C0FC4F;
			productRefGroup = 1FAFC37B26F8FC3500C0FC4F /* Products */;
			projectDirPath = "";
			projectRoot = "";
			targets = (
				1FAFC37926F8FC3500C0FC4F /* EcommersApp */,
				1FAFC38F26F8FC3700C0FC4F /* EcommersAppTests */,
				1FAFC39A26F8FC3700C0FC4F /* EcommersAppUITests */,
			);
		};
/* End PBXProject section */

/* Begin PBXResourcesBuildPhase section */
		1FAFC37826F8FC3500C0FC4F /* Resources */ = {
			isa = PBXResourcesBuildPhase;
			buildActionMask = 2147483647;
			files = (
				1FAFC38A26F8FC3600C0FC4F /* LaunchScreen.storyboard in Resources */,
				1FAFC38726F8FC3600C0FC4F /* Preview Assets.xcassets in Resources */,
				1FAFC38426F8FC3600C0FC4F /* Assets.xcassets in Resources */,
			);
			runOnlyForDeploymentPostprocessing = 0;
		};
		1FAFC38E26F8FC3700C0FC4F /* Resources */ = {
			isa = PBXResourcesBuildPhase;
			buildActionMask = 2147483647;
			files = (
			);
			runOnlyForDeploymentPostprocessing = 0;
		};
		1FAFC39926F8FC3700C0FC4F /* Resources */ = {
			isa = PBXResourcesBuildPhase;
			buildActionMask = 2147483647;
			files = (
			);
			runOnlyForDeploymentPostprocessing = 0;
		};
/* End PBXResourcesBuildPhase section */

/* Begin PBXSourcesBuildPhase section */
		1FAFC37626F8FC3500C0FC4F /* Sources */ = {
			isa = PBXSourcesBuildPhase;
			buildActionMask = 2147483647;
			files = (
				1FAFC37E26F8FC3500C0FC4F /* AppDelegate.swift in Sources */,
				1FAFC38026F8FC3500C0FC4F /* SceneDelegate.swift in Sources */,
				1FAFC38226F8FC3500C0FC4F /* ContentView.swift in Sources */,
			);
			runOnlyForDeploymentPostprocessing = 0;
		};
		1FAFC38C26F8FC3700C0FC4F /* Sources */ = {
			isa = PBXSourcesBuildPhase;
			buildActionMask = 2147483647;
			files = (
				1FAFC39526F8FC3700C0FC4F /* EcommersAppTests.swift in Sources */,
			);
			runOnlyForDeploymentPostprocessing = 0;
		};
		1FAFC39726F8FC3700C0FC4F /* Sources */ = {
			isa = PBXSourcesBuildPhase;
			buildActionMask = 2147483647;
			files = (
				1FAFC3A026F8FC3700C0FC4F /* EcommersAppUITests.swift in Sources */,
			);
			runOnlyForDeploymentPostprocessing = 0;
		};
/* End PBXSourcesBuildPhase section */

/* Begin PBXTargetDependency section */
		1FAFC39226F8FC3700C0FC4F /* PBXTargetDependency */ = {
			isa = PBXTargetDependency;
			target = 1FAFC37926F8FC3500C0FC4F /* EcommersApp */;
			targetProxy = 1FAFC39126F8FC3700C0FC4F /* PBXContainerItemProxy */;
		};
		1FAFC39D26F8FC3700C0FC4F /* PBXTargetDependency */ = {
			isa = PBXTargetDependency;
			target = 1FAFC37926F8FC3500C0FC4F /* EcommersApp */;
			targetProxy = 1FAFC39C26F8FC3700C0FC4F /* PBXContainerItemProxy */;
		};
/* End PBXTargetDependency section */

/* Begin PBXVariantGroup section */
		1FAFC38826F8FC3600C0FC4F /* LaunchScreen.storyboard */ = {
			isa = PBXVariantGroup;
			children = (
				1FAFC38926F8FC3600C0FC4F /* Base */,
			);
			name = LaunchScreen.storyboard;
			sourceTree = "<group>";
		};
/* End PBXVariantGroup section */

/* Begin XCBuildConfiguration section */
		1FAFC3A226F8FC3700C0FC4F /* Debug */ = {
			isa = XCBuildConfiguration;
			buildSettings = {
				ALWAYS_SEARCH_USER_PATHS = NO;
				CLANG_ANALYZER_NONNULL = YES;
				CLANG_ANALYZER_NUMBER_OBJECT_CONVERSION = YES_AGGRESSIVE;
				CLANG_CXX_LANGUAGE_STANDARD = "gnu++14";
				CLANG_CXX_LIBRARY = "libc++";
				CLANG_ENABLE_MODULES = YES;
				CLANG_ENABLE_OBJC_ARC = YES;
				CLANG_ENABLE_OBJC_WEAK = YES;
				CLANG_WARN_BLOCK_CAPTURE_AUTORELEASING = YES;
				CLANG_WARN_BOOL_CONVERSION = YES;
				CLANG_WARN_COMMA = YES;
				CLANG_WARN_CONSTANT_CONVERSION = YES;
				CLANG_WARN_DEPRECATED_OBJC_IMPLEMENTATIONS = YES;
				CLANG_WARN_DIRECT_OBJC_ISA_USAGE = YES_ERROR;
				CLANG_WARN_DOCUMENTATION_COMMENTS = YES;
				CLANG_WARN_EMPTY_BODY = YES;
				CLANG_WARN_ENUM_CONVERSION = YES;
				CLANG_WARN_INFINITE_RECURSION = YES;
				CLANG_WARN_INT_CONVERSION = YES;
				CLANG_WARN_NON_LITERAL_NULL_CONVERSION = YES;
				CLANG_WARN_OBJC_IMPLICIT_RETAIN_SELF = YES;
				CLANG_WARN_OBJC_LITERAL_CONVERSION = YES;
				CLANG_WARN_OBJC_ROOT_CLASS = YES_ERROR;
				CLANG_WARN_QUOTED_INCLUDE_IN_FRAMEWORK_HEADER = YES;
				CLANG_WARN_RANGE_LOOP_ANALYSIS = YES;
				CLANG_WARN_STRICT_PROTOTYPES = YES;
				CLANG_WARN_SUSPICIOUS_MOVE = YES;
				CLANG_WARN_UNGUARDED_AVAILABILITY = YES_AGGRESSIVE;
				CLANG_WARN_UNREACHABLE_CODE = YES;
				CLANG_WARN__DUPLICATE_METHOD_MATCH = YES;
				COPY_PHASE_STRIP = NO;
				DEBUG_INFORMATION_FORMAT = dwarf;
				ENABLE_STRICT_OBJC_MSGSEND = YES;
				ENABLE_TESTABILITY = YES;
				GCC_C_LANGUAGE_STANDARD = gnu11;
				GCC_DYNAMIC_NO_PIC = NO;
				GCC_NO_COMMON_BLOCKS = YES;
				GCC_OPTIMIZATION_LEVEL = 0;
				GCC_PREPROCESSOR_DEFINITIONS = (
					"DEBUG=1",
					"$(inherited)",
				);
				GCC_WARN_64_TO_32_BIT_CONVERSION = YES;
				GCC_WARN_ABOUT_RETURN_TYPE = YES_ERROR;
				GCC_WARN_UNDECLARED_SELECTOR = YES;
				GCC_WARN_UNINITIALIZED_AUTOS = YES_AGGRESSIVE;
				GCC_WARN_UNUSED_FUNCTION = YES;
				GCC_WARN_UNUSED_VARIABLE = YES;
				IPHONEOS_DEPLOYMENT_TARGET = 14.5;
				MTL_ENABLE_DEBUG_INFO = INCLUDE_SOURCE;
				MTL_FAST_MATH = YES;
				ONLY_ACTIVE_ARCH = YES;
				SDKROOT = iphoneos;
				SWIFT_ACTIVE_COMPILATION_CONDITIONS = DEBUG;
				SWIFT_OPTIMIZATION_LEVEL = "-Onone";
			};
			name = Debug;
		};
		1FAFC3A326F8FC3700C0FC4F /* Release */ = {
			isa = XCBuildConfiguration;
			buildSettings = {
				ALWAYS_SEARCH_USER_PATHS = NO;
				CLANG_ANALYZER_NONNULL = YES;
				CLANG_ANALYZER_NUMBER_OBJECT_CONVERSION = YES_AGGRESSIVE;
				CLANG_CXX_LANGUAGE_STANDARD = "gnu++14";
				CLANG_CXX_LIBRARY = "libc++";
				CLANG_ENABLE_MODULES = YES;
				CLANG_ENABLE_OBJC_ARC = YES;
				CLANG_ENABLE_OBJC_WEAK = YES;
				CLANG_WARN_BLOCK_CAPTURE_AUTORELEASING = YES;
				CLANG_WARN_BOOL_CONVERSION = YES;
				CLANG_WARN_COMMA = YES;
				CLANG_WARN_CONSTANT_CONVERSION = YES;
				CLANG_WARN_DEPRECATED_OBJC_IMPLEMENTATIONS = YES;
				CLANG_WARN_DIRECT_OBJC_ISA_USAGE = YES_ERROR;
				CLANG_WARN_DOCUMENTATION_COMMENTS = YES;
				CLANG_WARN_EMPTY_BODY = YES;
				CLANG_WARN_ENUM_CONVERSION = YES;
				CLANG_WARN_INFINITE_RECURSION = YES;
				CLANG_WARN_INT_CONVERSION = YES;
				CLANG_WARN_NON_LITERAL_NULL_CONVERSION = YES;
				CLANG_WARN_OBJC_IMPLICIT_RETAIN_SELF = YES;
				CLANG_WARN_OBJC_LITERAL_CONVERSION = YES;
				CLANG_WARN_OBJC_ROOT_CLASS = YES_ERROR;
				CLANG_WARN_QUOTED_INCLUDE_IN_FRAMEWORK_HEADER = YES;
				CLANG_WARN_RANGE_LOOP_ANALYSIS = YES;
				CLANG_WARN_STRICT_PROTOTYPES = YES;
				CLANG_WARN_SUSPICIOUS_MOVE = YES;
				CLANG_WARN_UNGUARDED_AVAILABILITY = YES_AGGRESSIVE;
				CLANG_WARN_UNREACHABLE_CODE = YES;
				CLANG_WARN__DUPLICATE_METHOD_MATCH = YES;
				COPY_PHASE_STRIP = NO;
				DEBUG_INFORMATION_FORMAT = "dwarf-with-dsym";
				ENABLE_NS_ASSERTIONS = NO;
				ENABLE_STRICT_OBJC_MSGSEND = YES;
				GCC_C_LANGUAGE_STANDARD = gnu11;
				GCC_NO_COMMON_BLOCKS = YES;
				GCC_WARN_64_TO_32_BIT_CONVERSION = YES;
				GCC_WARN_ABOUT_RETURN_TYPE = YES_ERROR;
				GCC_WARN_UNDECLARED_SELECTOR = YES;
				GCC_WARN_UNINITIALIZED_AUTOS = YES_AGGRESSIVE;
				GCC_WARN_UNUSED_FUNCTION = YES;
				GCC_WARN_UNUSED_VARIABLE = YES;
				IPHONEOS_DEPLOYMENT_TARGET = 14.5;
				MTL_ENABLE_DEBUG_INFO = NO;
				MTL_FAST_MATH = YES;
				SDKROOT = iphoneos;
				SWIFT_COMPILATION_MODE = wholemodule;
				SWIFT_OPTIMIZATION_LEVEL = "-O";
				VALIDATE_PRODUCT = YES;
			};
			name = Release;
		};
		1FAFC3A526F8FC3700C0FC4F /* Debug */ = {
			isa = XCBuildConfiguration;
			buildSettings = {
				ASSETCATALOG_COMPILER_APPICON_NAME = AppIcon;
				ASSETCATALOG_COMPILER_GLOBAL_ACCENT_COLOR_NAME = AccentColor;
				CODE_SIGN_STYLE = Automatic;
				DEVELOPMENT_ASSET_PATHS = "\"EcommersApp/Preview Content\"";
				DEVELOPMENT_TEAM = 458BQG9PB8;
				ENABLE_PREVIEWS = YES;
				INFOPLIST_FILE = EcommersApp/Info.plist;
				LD_RUNPATH_SEARCH_PATHS = (
					"$(inherited)",
					"@executable_path/Frameworks",
				);
				PRODUCT_BUNDLE_IDENTIFIER = com.praneeth.ios.EcommersApp;
				PRODUCT_NAME = "$(TARGET_NAME)";
				SWIFT_VERSION = 5.0;
				TARGETED_DEVICE_FAMILY = "1,2";
			};
			name = Debug;
		};
		1FAFC3A626F8FC3700C0FC4F /* Release */ = {
			isa = XCBuildConfiguration;
			buildSettings = {
				ASSETCATALOG_COMPILER_APPICON_NAME = AppIcon;
				ASSETCATALOG_COMPILER_GLOBAL_ACCENT_COLOR_NAME = AccentColor;
				CODE_SIGN_STYLE = Automatic;
				DEVELOPMENT_ASSET_PATHS = "\"EcommersApp/Preview Content\"";
				DEVELOPMENT_TEAM = 458BQG9PB8;
				ENABLE_PREVIEWS = YES;
				INFOPLIST_FILE = EcommersApp/Info.plist;
				LD_RUNPATH_SEARCH_PATHS = (
					"$(inherited)",
					"@executable_path/Frameworks",
				);
				PRODUCT_BUNDLE_IDENTIFIER = com.praneeth.ios.EcommersApp;
				PRODUCT_NAME = "$(TARGET_NAME)";
				SWIFT_VERSION = 5.0;
				TARGETED_DEVICE_FAMILY = "1,2";
			};
			name = Release;
		};
		1FAFC3A826F8FC3700C0FC4F /* Debug */ = {
			isa = XCBuildConfiguration;
			buildSettings = {
				ALWAYS_EMBED_SWIFT_STANDARD_LIBRARIES = YES;
				BUNDLE_LOADER = "$(TEST_HOST)";
				CODE_SIGN_STYLE = Automatic;
				DEVELOPMENT_TEAM = 458BQG9PB8;
				INFOPLIST_FILE = EcommersAppTests/Info.plist;
				IPHONEOS_DEPLOYMENT_TARGET = 14.5;
				LD_RUNPATH_SEARCH_PATHS = (
					"$(inherited)",
					"@executable_path/Frameworks",
					"@loader_path/Frameworks",
				);
				PRODUCT_BUNDLE_IDENTIFIER = com.praneeth.ios.EcommersAppTests;
				PRODUCT_NAME = "$(TARGET_NAME)";
				SWIFT_VERSION = 5.0;
				TARGETED_DEVICE_FAMILY = "1,2";
				TEST_HOST = "$(BUILT_PRODUCTS_DIR)/EcommersApp.app/EcommersApp";
			};
			name = Debug;
		};
		1FAFC3A926F8FC3700C0FC4F /* Release */ = {
			isa = XCBuildConfiguration;
			buildSettings = {
				ALWAYS_EMBED_SWIFT_STANDARD_LIBRARIES = YES;
				BUNDLE_LOADER = "$(TEST_HOST)";
				CODE_SIGN_STYLE = Automatic;
				DEVELOPMENT_TEAM = 458BQG9PB8;
				INFOPLIST_FILE = EcommersAppTests/Info.plist;
				IPHONEOS_DEPLOYMENT_TARGET = 14.5;
				LD_RUNPATH_SEARCH_PATHS = (
					"$(inherited)",
					"@executable_path/Frameworks",
					"@loader_path/Frameworks",
				);
				PRODUCT_BUNDLE_IDENTIFIER = com.praneeth.ios.EcommersAppTests;
				PRODUCT_NAME = "$(TARGET_NAME)";
				SWIFT_VERSION = 5.0;
				TARGETED_DEVICE_FAMILY = "1,2";
				TEST_HOST = "$(BUILT_PRODUCTS_DIR)/EcommersApp.app/EcommersApp";
			};
			name = Release;
		};
		1FAFC3AB26F8FC3700C0FC4F /* Debug */ = {
			isa = XCBuildConfiguration;
			buildSettings = {
				ALWAYS_EMBED_SWIFT_STANDARD_LIBRARIES = YES;
				CODE_SIGN_STYLE = Automatic;
				DEVELOPMENT_TEAM = 458BQG9PB8;
				INFOPLIST_FILE = EcommersAppUITests/Info.plist;
				LD_RUNPATH_SEARCH_PATHS = (
					"$(inherited)",
					"@executable_path/Frameworks",
					"@loader_path/Frameworks",
				);
				PRODUCT_BUNDLE_IDENTIFIER = com.praneeth.ios.EcommersAppUITests;
				PRODUCT_NAME = "$(TARGET_NAME)";
				SWIFT_VERSION = 5.0;
				TARGETED_DEVICE_FAMILY = "1,2";
				TEST_TARGET_NAME = EcommersApp;
			};
			name = Debug;
		};
		1FAFC3AC26F8FC3700C0FC4F /* Release */ = {
			isa = XCBuildConfiguration;
			buildSettings = {
				ALWAYS_EMBED_SWIFT_STANDARD_LIBRARIES = YES;
				CODE_SIGN_STYLE = Automatic;
				DEVELOPMENT_TEAM = 458BQG9PB8;
				INFOPLIST_FILE = EcommersAppUITests/Info.plist;
				LD_RUNPATH_SEARCH_PATHS = (
					"$(inherited)",
					"@executable_path/Frameworks",
					"@loader_path/Frameworks",
				);
				PRODUCT_BUNDLE_IDENTIFIER = com.praneeth.ios.EcommersAppUITests;
				PRODUCT_NAME = "$(TARGET_NAME)";
				SWIFT_VERSION = 5.0;
				TARGETED_DEVICE_FAMILY = "1,2";
				TEST_TARGET_NAME = EcommersApp;
			};
			name = Release;
		};
/* End XCBuildConfiguration section */

/* Begin XCConfigurationList section */
		1FAFC37526F8FC3500C0FC4F /* Build configuration list for PBXProject "EcommersApp" */ = {
			isa = XCConfigurationList;
			buildConfigurations = (
				1FAFC3A226F8FC3700C0FC4F /* Debug */,
				1FAFC3A326F8FC3700C0FC4F /* Release */,
			);
			defaultConfigurationIsVisible = 0;
			defaultConfigurationName = Release;
		};
		1FAFC3A426F8FC3700C0FC4F /* Build configuration list for PBXNativeTarget "EcommersApp" */ = {
			isa = XCConfigurationList;
			buildConfigurations = (
				1FAFC3A526F8FC3700C0FC4F /* Debug */,
				1FAFC3A626F8FC3700C0FC4F /* Release */,
			);
			defaultConfigurationIsVisible = 0;
			defaultConfigurationName = Release;
		};
		1FAFC3A726F8FC3700C0FC4F /* Build configuration list for PBXNativeTarget "EcommersAppTests" */ = {
			isa = XCConfigurationList;
			buildConfigurations = (
				1FAFC3A826F8FC3700C0FC4F /* Debug */,
				1FAFC3A926F8FC3700C0FC4F /* Release */,
			);
			defaultConfigurationIsVisible = 0;
			defaultConfigurationName = Release;
		};
		1FAFC3AA26F8FC3700C0FC4F /* Build configuration list for PBXNativeTarget "EcommersAppUITests" */ = {
			isa = XCConfigurationList;
			buildConfigurations = (
				1FAFC3AB26F8FC3700C0FC4F /* Debug */,
				1FAFC3AC26F8FC3700C0FC4F /* Release */,
			);
			defaultConfigurationIsVisible = 0;
			defaultConfigurationName = Release;
		};
/* End XCConfigurationList section */
	};
	rootObject = 1FAFC37226F8FC3500C0FC4F /* Project object */;
}
